
Microsoft Visual Studio Solution File, Format Version 12.00
# Visual Studio 14
VisualStudioVersion = 14.0.24720.0
MinimumVisualStudioVersion = 10.0.40219.1
Project("{8BC9CEB8-8B4A-11D0-8D11-00A0C91BC942}") = "WinAirSonos", "WinAirSonos.vcxproj", "{C40FAAB0-5DB8-48BD-8A7D-51BC2BF4FAA9}"
	ProjectSection(ProjectDependencies) = postProject
		{6F700831-24F8-4860-B379-0E97A5E9EE22} = {6F700831-24F8-4860-B379-0E97A5E9EE22}
		{6B942879-53CE-4E58-B437-20F88E57EE38} = {6B942879-53CE-4E58-B437-20F88E57EE38}
		{D44356A6-F5B9-4858-9AE5-D4E3BBBA054A} = {D44356A6-F5B9-4858-9AE5-D4E3BBBA054A}
		{0E1B97AB-FB7C-4B65-AE30-E110AFD2AEF2} = {0E1B97AB-FB7C-4B65-AE30-E110AFD2AEF2}
	EndProjectSection
EndProject
Project("{8BC9CEB8-8B4A-11D0-8D11-00A0C91BC942}") = "UsageEnvironment", "..\live555vs\UsageEnvironment\UsageEnvironment.vcxproj", "{0E1B97AB-FB7C-4B65-AE30-E110AFD2AEF2}"
EndProject
Project("{8BC9CEB8-8B4A-11D0-8D11-00A0C91BC942}") = "BasicUsageEnvironment", "..\live555vs\BasicUsageEnvironment\BasicUsageEnvironment.vcxproj", "{D44356A6-F5B9-4858-9AE5-D4E3BBBA054A}"
EndProject
Project("{8BC9CEB8-8B4A-11D0-8D11-00A0C91BC942}") = "groupsock", "..\live555vs\groupsock\groupsock.vcxproj", "{6F700831-24F8-4860-B379-0E97A5E9EE22}"
EndProject
Project("{8BC9CEB8-8B4A-11D0-8D11-00A0C91BC942}") = "liveMedia", "..\live555vs\liveMedia\liveMedia.vcxproj", "{6B942879-53CE-4E58-B437-20F88E57EE38}"
	ProjectSection(ProjectDependencies) = postProject
		{6F700831-24F8-4860-B379-0E97A5E9EE22} = {6F700831-24F8-4860-B379-0E97A5E9EE22}
		{D44356A6-F5B9-4858-9AE5-D4E3BBBA054A} = {D44356A6-F5B9-4858-9AE5-D4E3BBBA054A}
		{0E1B97AB-FB7C-4B65-AE30-E110AFD2AEF2} = {0E1B97AB-FB7C-4B65-AE30-E110AFD2AEF2}
	EndProjectSection
EndProject
Project("{8BC9CEB8-8B4A-11D0-8D11-00A0C91BC942}") = "libalac", "..\libalac\libalac.vcxproj", "{4E3D7E0E-4D74-4BFE-A54A-CFBFD1594FD4}"
EndProject
Global
	GlobalSection(SolutionConfigurationPlatforms) = preSolution
		Debug|x64 = Debug|x64
		Debug|x86 = Debug|x86
		Release|x64 = Release|x64
		Release|x86 = Release|x86
	EndGlobalSection
	GlobalSection(ProjectConfigurationPlatforms) = postSolution
		{C40FAAB0-5DB8-48BD-8A7D-51BC2BF4FAA9}.Debug|x64.ActiveCfg = Debug|x64
		{C40FAAB0-5DB8-48BD-8A7D-51BC2BF4FAA9}.Debug|x64.Build.0 = Debug|x64
		{C40FAAB0-5DB8-48BD-8A7D-51BC2BF4FAA9}.Debug|x86.ActiveCfg = Debug|Win32
		{C40FAAB0-5DB8-48BD-8A7D-51BC2BF4FAA9}.Debug|x86.Build.0 = Debug|Win32
		{C40FAAB0-5DB8-48BD-8A7D-51BC2BF4FAA9}.Release|x64.ActiveCfg = Release|x64
		{C40FAAB0-5DB8-48BD-8A7D-51BC2BF4FAA9}.Release|x64.Build.0 = Release|x64
		{C40FAAB0-5DB8-48BD-8A7D-51BC2BF4FAA9}.Release|x86.ActiveCfg = Release|Win32
		{C40FAAB0-5DB8-48BD-8A7D-51BC2BF4FAA9}.Release|x86.Build.0 = Release|Win32
		{0E1B97AB-FB7C-4B65-AE30-E110AFD2AEF2}.Debug|x64.ActiveCfg = Debug|x64
		{0E1B97AB-FB7C-4B65-AE30-E110AFD2AEF2}.Debug|x64.Build.0 = Debug|x64
		{0E1B97AB-FB7C-4B65-AE30-E110AFD2AEF2}.Debug|x86.ActiveCfg = Debug|Win32
		{0E1B97AB-FB7C-4B65-AE30-E110AFD2AEF2}.Debug|x86.Build.0 = Debug|Win32
		{0E1B97AB-FB7C-4B65-AE30-E110AFD2AEF2}.Release|x64.ActiveCfg = Release|x64
		{0E1B97AB-FB7C-4B65-AE30-E110AFD2AEF2}.Release|x64.Build.0 = Release|x64
		{0E1B97AB-FB7C-4B65-AE30-E110AFD2AEF2}.Release|x86.ActiveCfg = Release|Win32
		{0E1B97AB-FB7C-4B65-AE30-E110AFD2AEF2}.Release|x86.Build.0 = Release|Win32
		{D44356A6-F5B9-4858-9AE5-D4E3BBBA054A}.Debug|x64.ActiveCfg = Debug|x64
		{D44356A6-F5B9-4858-9AE5-D4E3BBBA054A}.Debug|x64.Build.0 = Debug|x64
		{D44356A6-F5B9-4858-9AE5-D4E3BBBA054A}.Debug|x86.ActiveCfg = Debug|Win32
		{D44356A6-F5B9-4858-9AE5-D4E3BBBA054A}.Debug|x86.Build.0 = Debug|Win32
		{D44356A6-F5B9-4858-9AE5-D4E3BBBA054A}.Release|x64.ActiveCfg = Release|x64
		{D44356A6-F5B9-4858-9AE5-D4E3BBBA054A}.Release|x64.Build.0 = Release|x64
		{D44356A6-F5B9-4858-9AE5-D4E3BBBA054A}.Release|x86.ActiveCfg = Release|Win32
		{D44356A6-F5B9-4858-9AE5-D4E3BBBA054A}.Release|x86.Build.0 = Release|Win32
		{6F700831-24F8-4860-B379-0E97A5E9EE22}.Debug|x64.ActiveCfg = Debug|x64
		{6F700831-24F8-4860-B379-0E97A5E9EE22}.Debug|x64.Build.0 = Debug|x64
		{6F700831-24F8-4860-B379-0E97A5E9EE22}.Debug|x86.ActiveCfg = Debug|Win32
		{6F700831-24F8-4860-B379-0E97A5E9EE22}.Debug|x86.Build.0 = Debug|Win32
		{6F700831-24F8-4860-B379-0E97A5E9EE22}.Release|x64.ActiveCfg = Release|x64
		{6F700831-24F8-4860-B379-0E97A5E9EE22}.Release|x64.Build.0 = Release|x64
		{6F700831-24F8-4860-B379-0E97A5E9EE22}.Release|x86.ActiveCfg = Release|Win32
		{6F700831-24F8-4860-B379-0E97A5E9EE22}.Release|x86.Build.0 = Release|Win32
		{6B942879-53CE-4E58-B437-20F88E57EE38}.Debug|x64.ActiveCfg = Debug|x64
		{6B942879-53CE-4E58-B437-20F88E57EE38}.Debug|x64.Build.0 = Debug|x64
		{6B942879-53CE-4E58-B437-20F88E57EE38}.Debug|x86.ActiveCfg = Debug|Win32
		{6B942879-53CE-4E58-B437-20F88E57EE38}.Debug|x86.Build.0 = Debug|Win32
		{6B942879-53CE-4E58-B437-20F88E57EE38}.Release|x64.ActiveCfg = Release|x64
		{6B942879-53CE-4E58-B437-20F88E57EE38}.Release|x64.Build.0 = Release|x64
		{6B942879-53CE-4E58-B437-20F88E57EE38}.Release|x86.ActiveCfg = Release|Win32
		{6B942879-53CE-4E58-B437-20F88E57EE38}.Release|x86.Build.0 = Release|Win32
		{4E3D7E0E-4D74-4BFE-A54A-CFBFD1594FD4}.Debug|x64.ActiveCfg = Debug|x64
		{4E3D7E0E-4D74-4BFE-A54A-CFBFD1594FD4}.Debug|x64.Build.0 = Debug|x64
		{4E3D7E0E-4D74-4BFE-A54A-CFBFD1594FD4}.Debug|x86.ActiveCfg = Debug|Win32
		{4E3D7E0E-4D74-4BFE-A54A-CFBFD1594FD4}.Debug|x86.Build.0 = Debug|Win32
		{4E3D7E0E-4D74-4BFE-A54A-CFBFD1594FD4}.Release|x64.ActiveCfg = Release|x64
		{4E3D7E0E-4D74-4BFE-A54A-CFBFD1594FD4}.Release|x64.Build.0 = Release|x64
		{4E3D7E0E-4D74-4BFE-A54A-CFBFD1594FD4}.Release|x86.ActiveCfg = Release|Win32
		{4E3D7E0E-4D74-4BFE-A54A-CFBFD1594FD4}.Release|x86.Build.0 = Release|Win32
	EndGlobalSection
	GlobalSection(SolutionProperties) = preSolution
		HideSolutionNode = FALSE
	EndGlobalSection
EndGlobal
